
Microsoft Visual Studio Solution File, Format Version 12.00
# Visual Studio Version 17
VisualStudioVersion = 17.0.31903.59
MinimumVisualStudioVersion = 10.0.40219.1
Project("{9A19103F-16F7-4668-BE54-9A1E7A4F7556}") = "NLayer.Core", "NLayer.Core\NLayer.Core.csproj", "{3528AC16-8EE8-4E3B-8E71-3D1D25CE8257}"
EndProject
Project("{9A19103F-16F7-4668-BE54-9A1E7A4F7556}") = "NLayer.Repository", "NLayer.Repository\NLayer.Repository.csproj", "{A5D25543-0564-4A7F-AD9A-F21560F408C9}"
EndProject
Project("{9A19103F-16F7-4668-BE54-9A1E7A4F7556}") = "NLayer.Service", "NLayer.Service\NLayer.Service.csproj", "{420FBBA9-539A-4B14-8EE9-4BFAF80FDCFB}"
EndProject
Project("{9A19103F-16F7-4668-BE54-9A1E7A4F7556}") = "NLayer.API", "NLayer.API\NLayer.API.csproj", "{D7EFAE59-A1DE-41B5-A495-C2E493C68407}"
EndProject
Project("{9A19103F-16F7-4668-BE54-9A1E7A4F7556}") = "NLayer.Caching", "NLayer.Caching\NLayer.Caching.csproj", "{01834F00-66E3-475A-9FC1-615F221EE05B}"
EndProject
Global
	GlobalSection(SolutionConfigurationPlatforms) = preSolution
		Debug|Any CPU = Debug|Any CPU
		Release|Any CPU = Release|Any CPU
	EndGlobalSection
	GlobalSection(ProjectConfigurationPlatforms) = postSolution
		{3528AC16-8EE8-4E3B-8E71-3D1D25CE8257}.Debug|Any CPU.ActiveCfg = Debug|Any CPU
		{3528AC16-8EE8-4E3B-8E71-3D1D25CE8257}.Debug|Any CPU.Build.0 = Debug|Any CPU
		{3528AC16-8EE8-4E3B-8E71-3D1D25CE8257}.Release|Any CPU.ActiveCfg = Release|Any CPU
		{3528AC16-8EE8-4E3B-8E71-3D1D25CE8257}.Release|Any CPU.Build.0 = Release|Any CPU
		{A5D25543-0564-4A7F-AD9A-F21560F408C9}.Debug|Any CPU.ActiveCfg = Debug|Any CPU
		{A5D25543-0564-4A7F-AD9A-F21560F408C9}.Debug|Any CPU.Build.0 = Debug|Any CPU
		{A5D25543-0564-4A7F-AD9A-F21560F408C9}.Release|Any CPU.ActiveCfg = Release|Any CPU
		{A5D25543-0564-4A7F-AD9A-F21560F408C9}.Release|Any CPU.Build.0 = Release|Any CPU
		{420FBBA9-539A-4B14-8EE9-4BFAF80FDCFB}.Debug|Any CPU.ActiveCfg = Debug|Any CPU
		{420FBBA9-539A-4B14-8EE9-4BFAF80FDCFB}.Debug|Any CPU.Build.0 = Debug|Any CPU
		{420FBBA9-539A-4B14-8EE9-4BFAF80FDCFB}.Release|Any CPU.ActiveCfg = Release|Any CPU
		{420FBBA9-539A-4B14-8EE9-4BFAF80FDCFB}.Release|Any CPU.Build.0 = Release|Any CPU
		{D7EFAE59-A1DE-41B5-A495-C2E493C68407}.Debug|Any CPU.ActiveCfg = Debug|Any CPU
		{D7EFAE59-A1DE-41B5-A495-C2E493C68407}.Debug|Any CPU.Build.0 = Debug|Any CPU
		{D7EFAE59-A1DE-41B5-A495-C2E493C68407}.Release|Any CPU.ActiveCfg = Release|Any CPU
		{D7EFAE59-A1DE-41B5-A495-C2E493C68407}.Release|Any CPU.Build.0 = Release|Any CPU
		{01834F00-66E3-475A-9FC1-615F221EE05B}.Debug|Any CPU.ActiveCfg = Debug|Any CPU
		{01834F00-66E3-475A-9FC1-615F221EE05B}.Debug|Any CPU.Build.0 = Debug|Any CPU
		{01834F00-66E3-475A-9FC1-615F221EE05B}.Release|Any CPU.ActiveCfg = Release|Any CPU
		{01834F00-66E3-475A-9FC1-615F221EE05B}.Release|Any CPU.Build.0 = Release|Any CPU
	EndGlobalSection
	GlobalSection(SolutionProperties) = preSolution
		HideSolutionNode = FALSE
	EndGlobalSection
	GlobalSection(ExtensibilityGlobals) = postSolution
		SolutionGuid = {1BDEF659-9C91-4B3D-885C-711F2E5BD918}
	EndGlobalSection
EndGlobal
